
Microsoft Visual Studio Solution File, Format Version 12.00
# Visual Studio 14
VisualStudioVersion = 14.0.23107.0
MinimumVisualStudioVersion = 10.0.40219.1
Project("{FAE04EC0-301F-11D3-BF4B-00C04F79EFBC}") = "CoinCounterGame", "CoinCounterGame\CoinCounterGame.csproj", "{40C9F4FD-1458-4F0B-9F48-AF04B32CFB4F}"
EndProject
Project("{2150E333-8FDC-42A3-9474-1A3956D46DE8}") = "Solution Items", "Solution Items", "{92158D6A-1A04-4C8C-9020-8DB4252551B4}"
	ProjectSection(SolutionItems) = preProject
		.gitignore = .gitignore
		Gruntfile.js = Gruntfile.js
		LICENSE.md = LICENSE.md
		package.json = package.json
		README.md = README.md
		WE-Markdown.css = WE-Markdown.css
		WebEssentials2015-Settings.json = WebEssentials2015-Settings.json
	EndProjectSection
EndProject
Global
	GlobalSection(SolutionConfigurationPlatforms) = preSolution
		Debug|Any CPU = Debug|Any CPU
		Release|Any CPU = Release|Any CPU
	EndGlobalSection
	GlobalSection(ProjectConfigurationPlatforms) = postSolution
		{40C9F4FD-1458-4F0B-9F48-AF04B32CFB4F}.Debug|Any CPU.ActiveCfg = Debug|Any CPU
		{40C9F4FD-1458-4F0B-9F48-AF04B32CFB4F}.Debug|Any CPU.Build.0 = Debug|Any CPU
		{40C9F4FD-1458-4F0B-9F48-AF04B32CFB4F}.Release|Any CPU.ActiveCfg = Release|Any CPU
		{40C9F4FD-1458-4F0B-9F48-AF04B32CFB4F}.Release|Any CPU.Build.0 = Release|Any CPU
	EndGlobalSection
	GlobalSection(SolutionProperties) = preSolution
		HideSolutionNode = FALSE
	EndGlobalSection
EndGlobal
